Microsoft Visual Studio Solution File, Format Version 12.00
# Visual Studio 2012
Project("{FAE04EC0-301F-11D3-BF4B-00C04F79EFBC}") = "GDUtilities", "GDUtilities.csproj", "{560AD3F4-5080-4CC6-B2F1-EAEE663BAF1A}"
EndProject
Global
	GlobalSection(SolutionConfigurationPlatforms) = preSolution
	Debug|Any CPU = Debug|Any CPU
	ExportDebug|Any CPU = ExportDebug|Any CPU
	ExportRelease|Any CPU = ExportRelease|Any CPU
	EndGlobalSection
	GlobalSection(ProjectConfigurationPlatforms) = postSolution
		{560AD3F4-5080-4CC6-B2F1-EAEE663BAF1A}.Debug|Any CPU.ActiveCfg = Debug|Any CPU
		{560AD3F4-5080-4CC6-B2F1-EAEE663BAF1A}.Debug|Any CPU.Build.0 = Debug|Any CPU
		{560AD3F4-5080-4CC6-B2F1-EAEE663BAF1A}.ExportDebug|Any CPU.ActiveCfg = ExportDebug|Any CPU
		{560AD3F4-5080-4CC6-B2F1-EAEE663BAF1A}.ExportDebug|Any CPU.Build.0 = ExportDebug|Any CPU
		{560AD3F4-5080-4CC6-B2F1-EAEE663BAF1A}.ExportRelease|Any CPU.ActiveCfg = ExportRelease|Any CPU
		{560AD3F4-5080-4CC6-B2F1-EAEE663BAF1A}.ExportRelease|Any CPU.Build.0 = ExportRelease|Any CPU
	EndGlobalSection
EndGlobal
